// !$*UTF8*$!
{
	archiveVersion = 1;
	classes = {
	};
	objectVersion = 46;
	objects = {

/* Begin PBXBuildFile section */
		0306993F1F3162860063256C /* AppDelegate.swift in Sources */ = {isa = PBXBuildFile; fileRef = 0306993E1F3162860063256C /* AppDelegate.swift */; };
		030699411F3162860063256C /* ViewController.swift in Sources */ = {isa = PBXBuildFile; fileRef = 030699401F3162860063256C /* ViewController.swift */; };
		030699441F3162860063256C /* Main.storyboard in Resources */ = {isa = PBXBuildFile; fileRef = 030699421F3162860063256C /* Main.storyboard */; };
		030699461F3162860063256C /* Assets.xcassets in Resources */ = {isa = PBXBuildFile; fileRef = 030699451F3162860063256C /* Assets.xcassets */; };
		030699491F3162860063256C /* LaunchScreen.storyboard in Resources */ = {isa = PBXBuildFile; fileRef = 030699471F3162860063256C /* LaunchScreen.storyboard */; };
/* End PBXBuildFile section */

/* Begin PBXFileReference section */
		0306993B1F3162860063256C /* ios-3_1_ColorMaker.app */ = {isa = PBXFileReference; explicitFileType = wrapper.application; includeInIndex = 0; path = "ios-3_1_ColorMaker.app"; sourceTree = BUILT_PRODUCTS_DIR; };
		0306993E1F3162860063256C /* AppDelegate.swift */ = {isa = PBXFileReference; lastKnownFileType = sourcecode.swift; path = AppDelegate.swift; sourceTree = "<group>"; };
		030699401F3162860063256C /* ViewController.swift */ = {isa = PBXFileReference; lastKnownFileType = sourcecode.swift; path = ViewController.swift; sourceTree = "<group>"; };
		030699431F3162860063256C /* Base */ = {isa = PBXFileReference; lastKnownFileType = file.storyboard; name = Base; path = Base.lproj/Main.storyboard; sourceTree = "<group>"; };
		030699451F3162860063256C /* Assets.xcassets */ = {isa = PBXFileReference; lastKnownFileType = folder.assetcatalog; path = Assets.xcassets; sourceTree = "<group>"; };
		030699481F3162860063256C /* Base */ = {isa = PBXFileReference; lastKnownFileType = file.storyboard; name = Base; path = Base.lproj/LaunchScreen.storyboard; sourceTree = "<group>"; };
		0306994A1F3162860063256C /* Info.plist */ = {isa = PBXFileReference; lastKnownFileType = text.plist.xml; path = Info.plist; sourceTree = "<group>"; };
/* End PBXFileReference section */

/* Begin PBXFrameworksBuildPhase section */
		030699381F3162860063256C /* Frameworks */ = {
			isa = PBXFrameworksBuildPhase;
			buildActionMask = 2147483647;
			files = (
			);
			runOnlyForDeploymentPostprocessing = 0;
		};
/* End PBXFrameworksBuildPhase section */

/* Begin PBXGroup section */
		030699321F3162860063256C = {
			isa = PBXGroup;
			children = (
				0306993D1F3162860063256C /* ios-3_1_ColorMaker */,
				0306993C1F3162860063256C /* Products */,
			);
			sourceTree = "<group>";
		};
		0306993C1F3162860063256C /* Products */ = {
			isa = PBXGroup;
			children = (
				0306993B1F3162860063256C /* ios-3_1_ColorMaker.app */,
			);
			name = Products;
			sourceTree = "<group>";
		};
		0306993D1F3162860063256C /* ios-3_1_ColorMaker */ = {
			isa = PBXGroup;
			children = (
				0306993E1F3162860063256C /* AppDelegate.swift */,
				030699401F3162860063256C /* ViewController.swift */,
				030699421F3162860063256C /* Main.storyboard */,
				030699451F3162860063256C /* Assets.xcassets */,
				030699471F3162860063256C /* LaunchScreen.storyboard */,
				0306994A1F3162860063256C /* Info.plist */,
			);
			path = "ios-3_1_ColorMaker";
			sourceTree = "<group>";
		};
/* End PBXGroup section */

/* Begin PBXNativeTarget section */
		0306993A1F3162860063256C /* ios-3_1_ColorMaker */ = {
			isa = PBXNativeTarget;
			buildConfigurationList = 0306994D1F3162860063256C /* Build configuration list for PBXNativeTarget "ios-3_1_ColorMaker" */;
			buildPhases = (
				030699371F3162860063256C /* Sources */,
				030699381F3162860063256C /* Frameworks */,
				030699391F3162860063256C /* Resources */,
			);
			buildRules = (
			);
			dependencies = (
			);
			name = "ios-3_1_ColorMaker";
			productName = "ios-3_1_ColorMaker";
			productReference = 0306993B1F3162860063256C /* ios-3_1_ColorMaker.app */;
			productType = "com.apple.product-type.application";
		};
/* End PBXNativeTarget section */

/* Begin PBXProject section */
		030699331F3162860063256C /* Project object */ = {
			isa = PBXProject;
			attributes = {
				LastSwiftUpdateCheck = 0830;
				LastUpgradeCheck = 0830;
				ORGANIZATIONNAME = "Nicholas Sutanto";
				TargetAttributes = {
					0306993A1F3162860063256C = {
						CreatedOnToolsVersion = 8.3.3;
						DevelopmentTeam = K82HW7D2BX;
						ProvisioningStyle = Automatic;
					};
				};
			};
			buildConfigurationList = 030699361F3162860063256C /* Build configuration list for PBXProject "ios-3_1_ColorMaker" */;
			compatibilityVersion = "Xcode 3.2";
			developmentRegion = English;
			hasScannedForEncodings = 0;
			knownRegions = (
				en,
				Base,
			);
			mainGroup = 030699321F3162860063256C;
			productRefGroup = 0306993C1F3162860063256C /* Products */;
			projectDirPath = "";
			projectRoot = "";
			targets = (
				0306993A1F3162860063256C /* ios-3_1_ColorMaker */,
			);
		};
/* End PBXProject section */

/* Begin PBXResourcesBuildPhase section */
		030699391F3162860063256C /* Resources */ = {
			isa = PBXResourcesBuildPhase;
			buildActionMask = 2147483647;
			files = (
				030699491F3162860063256C /* LaunchScreen.storyboard in Resources */,
				030699461F3162860063256C /* Assets.xcassets in Resources */,
				030699441F3162860063256C /* Main.storyboard in Resources */,
			);
			runOnlyForDeploymentPostprocessing = 0;
		};
/* End PBXResourcesBuildPhase section */

/* Begin PBXSourcesBuildPhase section */
		030699371F3162860063256C /* Sources */ = {
			isa = PBXSourcesBuildPhase;
			buildActionMask = 2147483647;
			files = (
				030699411F3162860063256C /* ViewController.swift in Sources */,
				0306993F1F3162860063256C /* AppDelegate.swift in Sources */,
			);
			runOnlyForDeploymentPostprocessing = 0;
		};
/* End PBXSourcesBuildPhase section */

/* Begin PBXVariantGroup section */
		030699421F3162860063256C /* Main.storyboard */ = {
			isa = PBXVariantGroup;
			children = (
				030699431F3162860063256C /* Base */,
			);
			name = Main.storyboard;
			sourceTree = "<group>";
		};
		030699471F3162860063256C /* LaunchScreen.storyboard */ = {
			isa = PBXVariantGroup;
			children = (
				030699481F3162860063256C /* Base */,
			);
			name = LaunchScreen.storyboard;
			sourceTree = "<group>";
		};
/* End PBXVariantGroup section */

/* Begin XCBuildConfiguration section */
		0306994B1F3162860063256C /* Debug */ = {
			isa = XCBuildConfiguration;
			buildSettings = {
				ALWAYS_SEARCH_USER_PATHS = NO;
				CLANG_ANALYZER_NONNULL = YES;
				CLANG_ANALYZER_NUMBER_OBJECT_CONVERSION = YES_AGGRESSIVE;
				CLANG_CXX_LANGUAGE_STANDARD = "gnu++0x";
				CLANG_CXX_LIBRARY = "libc++";
				CLANG_ENABLE_MODULES = YES;
				CLANG_ENABLE_OBJC_ARC = YES;
				CLANG_WARN_BOOL_CONVERSION = YES;
				CLANG_WARN_CONSTANT_CONVERSION = YES;
				CLANG_WARN_DIRECT_OBJC_ISA_USAGE = YES_ERROR;
				CLANG_WARN_DOCUMENTATION_COMMENTS = YES;
				CLANG_WARN_EMPTY_BODY = YES;
				CLANG_WARN_ENUM_CONVERSION = YES;
				CLANG_WARN_INFINITE_RECURSION = YES;
				CLANG_WARN_INT_CONVERSION = YES;
				CLANG_WARN_OBJC_ROOT_CLASS = YES_ERROR;
				CLANG_WARN_SUSPICIOUS_MOVE = YES;
				CLANG_WARN_UNREACHABLE_CODE = YES;
				CLANG_WARN__DUPLICATE_METHOD_MATCH = YES;
				"CODE_SIGN_IDENTITY[sdk=iphoneos*]" = "iPhone Developer";
				COPY_PHASE_STRIP = NO;
				DEBUG_INFORMATION_FORMAT = dwarf;
				ENABLE_STRICT_OBJC_MSGSEND = YES;
				ENABLE_TESTABILITY = YES;
				GCC_C_LANGUAGE_STANDARD = gnu99;
				GCC_DYNAMIC_NO_PIC = NO;
				GCC_NO_COMMON_BLOCKS = YES;
				GCC_OPTIMIZATION_LEVEL = 0;
				GCC_PREPROCESSOR_DEFINITIONS = (
					"DEBUG=1",
					"$(inherited)",
				);
				GCC_WARN_64_TO_32_BIT_CONVERSION = YES;
				GCC_WARN_ABOUT_RETURN_TYPE = YES_ERROR;
				GCC_WARN_UNDECLARED_SELECTOR = YES;
				GCC_WARN_UNINITIALIZED_AUTOS = YES_AGGRESSIVE;
				GCC_WARN_UNUSED_FUNCTION = YES;
				GCC_WARN_UNUSED_VARIABLE = YES;
				IPHONEOS_DEPLOYMENT_TARGET = 10.3;
				MTL_ENABLE_DEBUG_INFO = YES;
				ONLY_ACTIVE_ARCH = YES;
				SDKROOT = iphoneos;
				SWIFT_ACTIVE_COMPILATION_CONDITIONS = DEBUG;
				SWIFT_OPTIMIZATION_LEVEL = "-Onone";
			};
			name = Debug;
		};
		0306994C1F3162860063256C /* Release */ = {
			isa = XCBuildConfiguration;
			buildSettings = {
				ALWAYS_SEARCH_USER_PATHS = NO;
				CLANG_ANALYZER_NONNULL = YES;
				CLANG_ANALYZER_NUMBER_OBJECT_CONVERSION = YES_AGGRESSIVE;
				CLANG_CXX_LANGUAGE_STANDARD = "gnu++0x";
				CLANG_CXX_LIBRARY = "libc++";
				CLANG_ENABLE_MODULES = YES;
				CLANG_ENABLE_OBJC_ARC = YES;
				CLANG_WARN_BOOL_CONVERSION = YES;
				CLANG_WARN_CONSTANT_CONVERSION = YES;
				CLANG_WARN_DIRECT_OBJC_ISA_USAGE = YES_ERROR;
				CLANG_WARN_DOCUMENTATION_COMMENTS = YES;
				CLANG_WARN_EMPTY_BODY = YES;
				CLANG_WARN_ENUM_CONVERSION = YES;
				CLANG_WARN_INFINITE_RECURSION = YES;
				CLANG_WARN_INT_CONVERSION = YES;
				CLANG_WARN_OBJC_ROOT_CLASS = YES_ERROR;
				CLANG_WARN_SUSPICIOUS_MOVE = YES;
				CLANG_WARN_UNREACHABLE_CODE = YES;
				CLANG_WARN__DUPLICATE_METHOD_MATCH = YES;
				"CODE_SIGN_IDENTITY[sdk=iphoneos*]" = "iPhone Developer";
				COPY_PHASE_STRIP = NO;
				DEBUG_INFORMATION_FORMAT = "dwarf-with-dsym";
				ENABLE_NS_ASSERTIONS = NO;
				ENABLE_STRICT_OBJC_MSGSEND = YES;
				GCC_C_LANGUAGE_STANDARD = gnu99;
				GCC_NO_COMMON_BLOCKS = YES;
				GCC_WARN_64_TO_32_BIT_CONVERSION = YES;
				GCC_WARN_ABOUT_RETURN_TYPE = YES_ERROR;
				GCC_WARN_UNDECLARED_SELECTOR = YES;
				GCC_WARN_UNINITIALIZED_AUTOS = YES_AGGRESSIVE;
				GCC_WARN_UNUSED_FUNCTION = YES;
				GCC_WARN_UNUSED_VARIABLE = YES;
				IPHONEOS_DEPLOYMENT_TARGET = 10.3;
				MTL_ENABLE_DEBUG_INFO = NO;
				SDKROOT = iphoneos;
				SWIFT_OPTIMIZATION_LEVEL = "-Owholemodule";
				VALIDATE_PRODUCT = YES;
			};
			name = Release;
		};
		0306994E1F3162860063256C /* Debug */ = {
			isa = XCBuildConfiguration;
			buildSettings = {
				ASSETCATALOG_COMPILER_APPICON_NAME = AppIcon;
				DEVELOPMENT_TEAM = K82HW7D2BX;
				INFOPLIST_FILE = "ios-3_1_ColorMaker/Info.plist";
				LD_RUNPATH_SEARCH_PATHS = "$(inherited) @executable_path/Frameworks";
				PRODUCT_BUNDLE_IDENTIFIER = "N1C0.ios-3-1-ColorMaker";
				PRODUCT_NAME = "$(TARGET_NAME)";
				SWIFT_VERSION = 3.0;
			};
			name = Debug;
		};
		0306994F1F3162860063256C /* Release */ = {
			isa = XCBuildConfiguration;
			buildSettings = {
				ASSETCATALOG_COMPILER_APPICON_NAME = AppIcon;
				DEVELOPMENT_TEAM = K82HW7D2BX;
				INFOPLIST_FILE = "ios-3_1_ColorMaker/Info.plist";
				LD_RUNPATH_SEARCH_PATHS = "$(inherited) @executable_path/Frameworks";
				PRODUCT_BUNDLE_IDENTIFIER = "N1C0.ios-3-1-ColorMaker";
				PRODUCT_NAME = "$(TARGET_NAME)";
				SWIFT_VERSION = 3.0;
			};
			name = Release;
		};
/* End XCBuildConfiguration section */

/* Begin XCConfigurationList section */
		030699361F3162860063256C /* Build configuration list for PBXProject "ios-3_1_ColorMaker" */ = {
			isa = XCConfigurationList;
			buildConfigurations = (
				0306994B1F3162860063256C /* Debug */,
				0306994C1F3162860063256C /* Release */,
			);
			defaultConfigurationIsVisible = 0;
			defaultConfigurationName = Release;
		};
		0306994D1F3162860063256C /* Build configuration list for PBXNativeTarget "ios-3_1_ColorMaker" */ = {
			isa = XCConfigurationList;
			buildConfigurations = (
				0306994E1F3162860063256C /* Debug */,
				0306994F1F3162860063256C /* Release */,
			);
			defaultConfigurationIsVisible = 0;
		};
/* End XCConfigurationList section */
	};
	rootObject = 030699331F3162860063256C /* Project object */;
}
